
Microsoft Visual Studio Solution File, Format Version 12.00
# Visual Studio Version 17
VisualStudioVersion = 17.5.33103.201
MinimumVisualStudioVersion = 10.0.40219.1
Project("{8BC9CEB8-8B4A-11D0-8D11-00A0C91BC942}") = "AidenRTS", "AidenRTS\AidenRTS.vcxproj", "{505937D5-5677-4E2B-81D7-1843D7DD5A0C}"
EndProject
Global
	GlobalSection(SolutionConfigurationPlatforms) = preSolution
		Debug|x64 = Debug|x64
		Debug|x86 = Debug|x86
		Release|x64 = Release|x64
		Release|x86 = Release|x86
	EndGlobalSection
	GlobalSection(ProjectConfigurationPlatforms) = postSolution
		{505937D5-5677-4E2B-81D7-1843D7DD5A0C}.Debug|x64.ActiveCfg = Debug|x64
		{505937D5-5677-4E2B-81D7-1843D7DD5A0C}.Debug|x64.Build.0 = Debug|x64
		{505937D5-5677-4E2B-81D7-1843D7DD5A0C}.Debug|x86.ActiveCfg = Debug|Win32
		{505937D5-5677-4E2B-81D7-1843D7DD5A0C}.Debug|x86.Build.0 = Debug|Win32
		{505937D5-5677-4E2B-81D7-1843D7DD5A0C}.Release|x64.ActiveCfg = Release|x64
		{505937D5-5677-4E2B-81D7-1843D7DD5A0C}.Release|x64.Build.0 = Release|x64
		{505937D5-5677-4E2B-81D7-1843D7DD5A0C}.Release|x86.ActiveCfg = Release|Win32
		{505937D5-5677-4E2B-81D7-1843D7DD5A0C}.Release|x86.Build.0 = Release|Win32
	EndGlobalSection
	GlobalSection(SolutionProperties) = preSolution
		HideSolutionNode = FALSE
	EndGlobalSection
	GlobalSection(ExtensibilityGlobals) = postSolution
		SolutionGuid = {2FDE267B-C154-49EC-B610-1BD09304AC29}
	EndGlobalSection
EndGlobal
