<?xml version="1.0" encoding="utf-8"?>
<Project ToolsVersion="4.0" xmlns="http://schemas.microsoft.com/developer/msbuild/2003">
  <ItemGroup>
    <Filter Include="Source Files">
      <UniqueIdentifier>{4FC737F1-C7A5-4376-A066-2A32D752A2FF}</UniqueIdentifier>
      <Extensions>cpp;c;cc;cxx;c++;cppm;ixx;def;odl;idl;hpj;bat;asm;asmx</Extensions>
    </Filter>
    <Filter Include="Resource Files">
      <UniqueIdentifier>{67DA6AB6-F800-4c08-8B7A-83BB121AAD01}</UniqueIdentifier>
      <Extensions>rc;ico;cur;bmp;dlg;rc2;rct;bin;rgs;gif;jpg;jpeg;jpe;resx;tiff;tif;png;wav;mfcribbon-ms</Extensions>
    </Filter>
    <Filter Include="Include">
      <UniqueIdentifier>{5b6b1402-d7b8-44b1-a334-f7078ca37dec}</UniqueIdentifier>
    </Filter>
  </ItemGroup>
  <ItemGroup>
    <ClCompile Include="AidenRTS.cpp">
      <Filter>Source Files</Filter>
    </ClCompile>
    <ClCompile Include="camera.cpp">
      <Filter>Source Files</Filter>
    </ClCompile>
    <ClCompile Include="pathfinding.cpp">
      <Filter>Source Files</Filter>
    </ClCompile>
    <ClCompile Include="troopselection.cpp">
      <Filter>Source Files</Filter>
    </ClCompile>
    <ClCompile Include="troops.cpp">
      <Filter>Source Files</Filter>
    </ClCompile>
    <ClCompile Include="buildings.cpp">
      <Filter>Source Files</Filter>
    </ClCompile>
    <ClCompile Include="orebehaviour.cpp">
      <Filter>Source Files</Filter>
    </ClCompile>
    <ClCompile Include="misc.cpp">
      <Filter>Source Files</Filter>
    </ClCompile>
    <ClCompile Include="drawgui.cpp">
      <Filter>Source Files</Filter>
    </ClCompile>
    <ClCompile Include="audiohandler.cpp">
      <Filter>Source Files</Filter>
    </ClCompile>
    <ClCompile Include="opponentbehaviour.cpp">
      <Filter>Source Files</Filter>
    </ClCompile>
  </ItemGroup>
  <ItemGroup>
    <None Include="packages.config" />
  </ItemGroup>
  <ItemGroup>
    <ClInclude Include="include\audiohandler.h">
      <Filter>Include</Filter>
    </ClInclude>
    <ClInclude Include="include\drawgui.h">
      <Filter>Include</Filter>
    </ClInclude>
    <ClInclude Include="include\misc.h">
      <Filter>Include</Filter>
    </ClInclude>
    <ClInclude Include="include\opponentbehaviour.h">
      <Filter>Include</Filter>
    </ClInclude>
    <ClInclude Include="include\orebehaviour.h">
      <Filter>Include</Filter>
    </ClInclude>
    <ClInclude Include="include\pathfinding.h">
      <Filter>Include</Filter>
    </ClInclude>
    <ClInclude Include="include\raygui.h">
      <Filter>Include</Filter>
    </ClInclude>
    <ClInclude Include="include\raymath.h">
      <Filter>Include</Filter>
    </ClInclude>
    <ClInclude Include="include\troops.h">
      <Filter>Include</Filter>
    </ClInclude>
    <ClInclude Include="include\troopselection.h">
      <Filter>Include</Filter>
    </ClInclude>
    <ClInclude Include="include\buildings.h">
      <Filter>Include</Filter>
    </ClInclude>
    <ClInclude Include="include\camera.h">
      <Filter>Include</Filter>
    </ClInclude>
  </ItemGroup>
</Project>